{
  "name": "CMSC447Proj0",
  "lockfileVersion": 3,
  "requires": true,
  "packages": {
    "": {
      "dependencies": {
        "@schedule-x/events-service": "^2.27.2"
      }
    },
    "node_modules/@schedule-x/events-service": {
      "version": "2.27.2",
      "resolved": "https://registry.npmjs.org/@schedule-x/events-service/-/events-service-2.27.2.tgz",
      "integrity": "sha512-yr5wvwSgAjRAWx8kODVL5GqLroMAa+nkyGrSUCV1fPS8oIhnIsvfzjc/nRf+PyxVN3IY73oPVUilrwwOX1FYGg==",
      "license": "MIT"
    }
  }
}
